// !$*UTF8*$!
{
	archiveVersion = 1;
	classes = {
	};
	objectVersion = 51;
	objects = {

/* Begin PBXBuildFile section */
		8B0AE74325BF0DC000889DE7 /* AppDelegate.swift in Sources */ = {isa = PBXBuildFile; fileRef = 8B0AE74225BF0DC000889DE7 /* AppDelegate.swift */; };
		8B0AE74525BF0DC000889DE7 /* SceneDelegate.swift in Sources */ = {isa = PBXBuildFile; fileRef = 8B0AE74425BF0DC000889DE7 /* SceneDelegate.swift */; };
		8B0AE74725BF0DC000889DE7 /* ViewController.swift in Sources */ = {isa = PBXBuildFile; fileRef = 8B0AE74625BF0DC000889DE7 /* ViewController.swift */; };
		8B0AE74A25BF0DC000889DE7 /* Main.storyboard in Resources */ = {isa = PBXBuildFile; fileRef = 8B0AE74825BF0DC000889DE7 /* Main.storyboard */; };
		8B0AE74C25BF0DC100889DE7 /* Assets.xcassets in Resources */ = {isa = PBXBuildFile; fileRef = 8B0AE74B25BF0DC100889DE7 /* Assets.xcassets */; };
		8B0AE74F25BF0DC100889DE7 /* LaunchScreen.storyboard in Resources */ = {isa = PBXBuildFile; fileRef = 8B0AE74D25BF0DC100889DE7 /* LaunchScreen.storyboard */; };
		8B0AE75825BF0DF300889DE7 /* ProductCardModel.swift in Sources */ = {isa = PBXBuildFile; fileRef = 8B0AE75725BF0DF300889DE7 /* ProductCardModel.swift */; };
		8B0AE75B25BF0EE800889DE7 /* PriceModel.swift in Sources */ = {isa = PBXBuildFile; fileRef = 8B0AE75A25BF0EE800889DE7 /* PriceModel.swift */; };
		8B61885F25BF221F00787062 /* SearchCollectionViewCell.swift in Sources */ = {isa = PBXBuildFile; fileRef = 8B61885E25BF221F00787062 /* SearchCollectionViewCell.swift */; };
		8B61886225BF234B00787062 /* ProductCard.swift in Sources */ = {isa = PBXBuildFile; fileRef = 8B61886125BF234B00787062 /* ProductCard.swift */; };
		8EEF2A600C49719DE1A9F98A /* Pods_BuscaNativaElo7.framework in Frameworks */ = {isa = PBXBuildFile; fileRef = 4E7B29688DA28D9CB605EA89 /* Pods_BuscaNativaElo7.framework */; };
/* End PBXBuildFile section */

/* Begin PBXFileReference section */
		3587F12C478534FE11640EE2 /* Pods-BuscaNativaElo7.release.xcconfig */ = {isa = PBXFileReference; includeInIndex = 1; lastKnownFileType = text.xcconfig; name = "Pods-BuscaNativaElo7.release.xcconfig"; path = "Target Support Files/Pods-BuscaNativaElo7/Pods-BuscaNativaElo7.release.xcconfig"; sourceTree = "<group>"; };
		4E7B29688DA28D9CB605EA89 /* Pods_BuscaNativaElo7.framework */ = {isa = PBXFileReference; explicitFileType = wrapper.framework; includeInIndex = 0; path = Pods_BuscaNativaElo7.framework; sourceTree = BUILT_PRODUCTS_DIR; };
		5016DD381AF542C90CB01D73 /* Pods-BuscaNativaElo7.debug.xcconfig */ = {isa = PBXFileReference; includeInIndex = 1; lastKnownFileType = text.xcconfig; name = "Pods-BuscaNativaElo7.debug.xcconfig"; path = "Target Support Files/Pods-BuscaNativaElo7/Pods-BuscaNativaElo7.debug.xcconfig"; sourceTree = "<group>"; };
		8B0AE73F25BF0DC000889DE7 /* BuscaNativaElo7.app */ = {isa = PBXFileReference; explicitFileType = wrapper.application; includeInIndex = 0; path = BuscaNativaElo7.app; sourceTree = BUILT_PRODUCTS_DIR; };
		8B0AE74225BF0DC000889DE7 /* AppDelegate.swift */ = {isa = PBXFileReference; lastKnownFileType = sourcecode.swift; path = AppDelegate.swift; sourceTree = "<group>"; };
		8B0AE74425BF0DC000889DE7 /* SceneDelegate.swift */ = {isa = PBXFileReference; lastKnownFileType = sourcecode.swift; path = SceneDelegate.swift; sourceTree = "<group>"; };
		8B0AE74625BF0DC000889DE7 /* ViewController.swift */ = {isa = PBXFileReference; lastKnownFileType = sourcecode.swift; path = ViewController.swift; sourceTree = "<group>"; };
		8B0AE74925BF0DC000889DE7 /* Base */ = {isa = PBXFileReference; lastKnownFileType = file.storyboard; name = Base; path = Base.lproj/Main.storyboard; sourceTree = "<group>"; };
		8B0AE74B25BF0DC100889DE7 /* Assets.xcassets */ = {isa = PBXFileReference; lastKnownFileType = folder.assetcatalog; path = Assets.xcassets; sourceTree = "<group>"; };
		8B0AE74E25BF0DC100889DE7 /* Base */ = {isa = PBXFileReference; lastKnownFileType = file.storyboard; name = Base; path = Base.lproj/LaunchScreen.storyboard; sourceTree = "<group>"; };
		8B0AE75025BF0DC100889DE7 /* Info.plist */ = {isa = PBXFileReference; lastKnownFileType = text.plist.xml; path = Info.plist; sourceTree = "<group>"; };
		8B0AE75725BF0DF300889DE7 /* ProductCardModel.swift */ = {isa = PBXFileReference; lastKnownFileType = sourcecode.swift; path = ProductCardModel.swift; sourceTree = "<group>"; };
		8B0AE75A25BF0EE800889DE7 /* PriceModel.swift */ = {isa = PBXFileReference; lastKnownFileType = sourcecode.swift; path = PriceModel.swift; sourceTree = "<group>"; };
		8B61885E25BF221F00787062 /* SearchCollectionViewCell.swift */ = {isa = PBXFileReference; lastKnownFileType = sourcecode.swift; path = SearchCollectionViewCell.swift; sourceTree = "<group>"; };
		8B61886125BF234B00787062 /* ProductCard.swift */ = {isa = PBXFileReference; lastKnownFileType = sourcecode.swift; path = ProductCard.swift; sourceTree = "<group>"; };
/* End PBXFileReference section */

/* Begin PBXFrameworksBuildPhase section */
		8B0AE73C25BF0DC000889DE7 /* Frameworks */ = {
			isa = PBXFrameworksBuildPhase;
			buildActionMask = 2147483647;
			files = (
				8EEF2A600C49719DE1A9F98A /* Pods_BuscaNativaElo7.framework in Frameworks */,
			);
			runOnlyForDeploymentPostprocessing = 0;
		};
/* End PBXFrameworksBuildPhase section */

/* Begin PBXGroup section */
		5DE419AF5737FDD86B7DAD18 /* Frameworks */ = {
			isa = PBXGroup;
			children = (
				4E7B29688DA28D9CB605EA89 /* Pods_BuscaNativaElo7.framework */,
			);
			name = Frameworks;
			sourceTree = "<group>";
		};
		8B0AE73625BF0DC000889DE7 = {
			isa = PBXGroup;
			children = (
				8B0AE74125BF0DC000889DE7 /* BuscaNativaElo7 */,
				8B0AE74025BF0DC000889DE7 /* Products */,
				E66D8B91D489EE944D09E154 /* Pods */,
				5DE419AF5737FDD86B7DAD18 /* Frameworks */,
			);
			sourceTree = "<group>";
		};
		8B0AE74025BF0DC000889DE7 /* Products */ = {
			isa = PBXGroup;
			children = (
				8B0AE73F25BF0DC000889DE7 /* BuscaNativaElo7.app */,
			);
			name = Products;
			sourceTree = "<group>";
		};
		8B0AE74125BF0DC000889DE7 /* BuscaNativaElo7 */ = {
			isa = PBXGroup;
			children = (
				8B0AE75D25BF0F2400889DE7 /* model */,
				8B0AE74225BF0DC000889DE7 /* AppDelegate.swift */,
				8B0AE74425BF0DC000889DE7 /* SceneDelegate.swift */,
				8B0AE74625BF0DC000889DE7 /* ViewController.swift */,
				8B0AE74825BF0DC000889DE7 /* Main.storyboard */,
				8B0AE74B25BF0DC100889DE7 /* Assets.xcassets */,
				8B0AE74D25BF0DC100889DE7 /* LaunchScreen.storyboard */,
				8B0AE75025BF0DC100889DE7 /* Info.plist */,
				8B61885E25BF221F00787062 /* SearchCollectionViewCell.swift */,
				8B61886125BF234B00787062 /* ProductCard.swift */,
			);
			path = BuscaNativaElo7;
			sourceTree = "<group>";
		};
		8B0AE75D25BF0F2400889DE7 /* model */ = {
			isa = PBXGroup;
			children = (
				8B0AE75725BF0DF300889DE7 /* ProductCardModel.swift */,
				8B0AE75A25BF0EE800889DE7 /* PriceModel.swift */,
			);
			path = model;
			sourceTree = "<group>";
		};
		E66D8B91D489EE944D09E154 /* Pods */ = {
			isa = PBXGroup;
			children = (
				5016DD381AF542C90CB01D73 /* Pods-BuscaNativaElo7.debug.xcconfig */,
				3587F12C478534FE11640EE2 /* Pods-BuscaNativaElo7.release.xcconfig */,
			);
			path = Pods;
			sourceTree = "<group>";
		};
/* End PBXGroup section */

/* Begin PBXNativeTarget section */
		8B0AE73E25BF0DC000889DE7 /* BuscaNativaElo7 */ = {
			isa = PBXNativeTarget;
			buildConfigurationList = 8B0AE75325BF0DC100889DE7 /* Build configuration list for PBXNativeTarget "BuscaNativaElo7" */;
			buildPhases = (
				4DF4B5738C6C77D005D30513 /* [CP] Check Pods Manifest.lock */,
				8B0AE73B25BF0DC000889DE7 /* Sources */,
				8B0AE73C25BF0DC000889DE7 /* Frameworks */,
				8B0AE73D25BF0DC000889DE7 /* Resources */,
				91D3FEA44AAC2D301FEDC89D /* [CP] Embed Pods Frameworks */,
			);
			buildRules = (
			);
			dependencies = (
			);
			name = BuscaNativaElo7;
			productName = BuscaNativaElo7;
			productReference = 8B0AE73F25BF0DC000889DE7 /* BuscaNativaElo7.app */;
			productType = "com.apple.product-type.application";
		};
/* End PBXNativeTarget section */

/* Begin PBXProject section */
		8B0AE73725BF0DC000889DE7 /* Project object */ = {
			isa = PBXProject;
			attributes = {
				LastSwiftUpdateCheck = 1230;
				LastUpgradeCheck = 1230;
				TargetAttributes = {
					8B0AE73E25BF0DC000889DE7 = {
						CreatedOnToolsVersion = 12.3;
					};
				};
			};
			buildConfigurationList = 8B0AE73A25BF0DC000889DE7 /* Build configuration list for PBXProject "BuscaNativaElo7" */;
			compatibilityVersion = "Xcode 9.3";
			developmentRegion = en;
			hasScannedForEncodings = 0;
			knownRegions = (
				en,
				Base,
			);
			mainGroup = 8B0AE73625BF0DC000889DE7;
			productRefGroup = 8B0AE74025BF0DC000889DE7 /* Products */;
			projectDirPath = "";
			projectRoot = "";
			targets = (
				8B0AE73E25BF0DC000889DE7 /* BuscaNativaElo7 */,
			);
		};
/* End PBXProject section */

/* Begin PBXResourcesBuildPhase section */
		8B0AE73D25BF0DC000889DE7 /* Resources */ = {
			isa = PBXResourcesBuildPhase;
			buildActionMask = 2147483647;
			files = (
				8B0AE74F25BF0DC100889DE7 /* LaunchScreen.storyboard in Resources */,
				8B0AE74C25BF0DC100889DE7 /* Assets.xcassets in Resources */,
				8B0AE74A25BF0DC000889DE7 /* Main.storyboard in Resources */,
			);
			runOnlyForDeploymentPostprocessing = 0;
		};
/* End PBXResourcesBuildPhase section */

/* Begin PBXShellScriptBuildPhase section */
		4DF4B5738C6C77D005D30513 /* [CP] Check Pods Manifest.lock */ = {
			isa = PBXShellScriptBuildPhase;
			buildActionMask = 2147483647;
			files = (
			);
			inputFileListPaths = (
			);
			inputPaths = (
				"${PODS_PODFILE_DIR_PATH}/Podfile.lock",
				"${PODS_ROOT}/Manifest.lock",
			);
			name = "[CP] Check Pods Manifest.lock";
			outputFileListPaths = (
			);
			outputPaths = (
				"$(DERIVED_FILE_DIR)/Pods-BuscaNativaElo7-checkManifestLockResult.txt",
			);
			runOnlyForDeploymentPostprocessing = 0;
			shellPath = /bin/sh;
			shellScript = "diff \"${PODS_PODFILE_DIR_PATH}/Podfile.lock\" \"${PODS_ROOT}/Manifest.lock\" > /dev/null\nif [ $? != 0 ] ; then\n    # print error to STDERR\n    echo \"error: The sandbox is not in sync with the Podfile.lock. Run 'pod install' or update your CocoaPods installation.\" >&2\n    exit 1\nfi\n# This output is used by Xcode 'outputs' to avoid re-running this script phase.\necho \"SUCCESS\" > \"${SCRIPT_OUTPUT_FILE_0}\"\n";
			showEnvVarsInLog = 0;
		};
		91D3FEA44AAC2D301FEDC89D /* [CP] Embed Pods Frameworks */ = {
			isa = PBXShellScriptBuildPhase;
			buildActionMask = 2147483647;
			files = (
			);
			inputFileListPaths = (
				"${PODS_ROOT}/Target Support Files/Pods-BuscaNativaElo7/Pods-BuscaNativaElo7-frameworks-${CONFIGURATION}-input-files.xcfilelist",
			);
			name = "[CP] Embed Pods Frameworks";
			outputFileListPaths = (
				"${PODS_ROOT}/Target Support Files/Pods-BuscaNativaElo7/Pods-BuscaNativaElo7-frameworks-${CONFIGURATION}-output-files.xcfilelist",
			);
			runOnlyForDeploymentPostprocessing = 0;
			shellPath = /bin/sh;
			shellScript = "\"${PODS_ROOT}/Target Support Files/Pods-BuscaNativaElo7/Pods-BuscaNativaElo7-frameworks.sh\"\n";
			showEnvVarsInLog = 0;
		};
/* End PBXShellScriptBuildPhase section */

/* Begin PBXSourcesBuildPhase section */
		8B0AE73B25BF0DC000889DE7 /* Sources */ = {
			isa = PBXSourcesBuildPhase;
			buildActionMask = 2147483647;
			files = (
				8B0AE74725BF0DC000889DE7 /* ViewController.swift in Sources */,
				8B0AE75825BF0DF300889DE7 /* ProductCardModel.swift in Sources */,
				8B0AE74325BF0DC000889DE7 /* AppDelegate.swift in Sources */,
				8B0AE74525BF0DC000889DE7 /* SceneDelegate.swift in Sources */,
				8B61885F25BF221F00787062 /* SearchCollectionViewCell.swift in Sources */,
				8B0AE75B25BF0EE800889DE7 /* PriceModel.swift in Sources */,
				8B61886225BF234B00787062 /* ProductCard.swift in Sources */,
			);
			runOnlyForDeploymentPostprocessing = 0;
		};
/* End PBXSourcesBuildPhase section */

/* Begin PBXVariantGroup section */
		8B0AE74825BF0DC000889DE7 /* Main.storyboard */ = {
			isa = PBXVariantGroup;
			children = (
				8B0AE74925BF0DC000889DE7 /* Base */,
			);
			name = Main.storyboard;
			sourceTree = "<group>";
		};
		8B0AE74D25BF0DC100889DE7 /* LaunchScreen.storyboard */ = {
			isa = PBXVariantGroup;
			children = (
				8B0AE74E25BF0DC100889DE7 /* Base */,
			);
			name = LaunchScreen.storyboard;
			sourceTree = "<group>";
		};
/* End PBXVariantGroup section */

/* Begin XCBuildConfiguration section */
		8B0AE75125BF0DC100889DE7 /* Debug */ = {
			isa = XCBuildConfiguration;
			buildSettings = {
				ALWAYS_SEARCH_USER_PATHS = NO;
				CLANG_ANALYZER_NONNULL = YES;
				CLANG_ANALYZER_NUMBER_OBJECT_CONVERSION = YES_AGGRESSIVE;
				CLANG_CXX_LANGUAGE_STANDARD = "gnu++14";
				CLANG_CXX_LIBRARY = "libc++";
				CLANG_ENABLE_MODULES = YES;
				CLANG_ENABLE_OBJC_ARC = YES;
				CLANG_ENABLE_OBJC_WEAK = YES;
				CLANG_WARN_BLOCK_CAPTURE_AUTORELEASING = YES;
				CLANG_WARN_BOOL_CONVERSION = YES;
				CLANG_WARN_COMMA = YES;
				CLANG_WARN_CONSTANT_CONVERSION = YES;
				CLANG_WARN_DEPRECATED_OBJC_IMPLEMENTATIONS = YES;
				CLANG_WARN_DIRECT_OBJC_ISA_USAGE = YES_ERROR;
				CLANG_WARN_DOCUMENTATION_COMMENTS = YES;
				CLANG_WARN_EMPTY_BODY = YES;
				CLANG_WARN_ENUM_CONVERSION = YES;
				CLANG_WARN_INFINITE_RECURSION = YES;
				CLANG_WARN_INT_CONVERSION = YES;
				CLANG_WARN_NON_LITERAL_NULL_CONVERSION = YES;
				CLANG_WARN_OBJC_IMPLICIT_RETAIN_SELF = YES;
				CLANG_WARN_OBJC_LITERAL_CONVERSION = YES;
				CLANG_WARN_OBJC_ROOT_CLASS = YES_ERROR;
				CLANG_WARN_QUOTED_INCLUDE_IN_FRAMEWORK_HEADER = YES;
				CLANG_WARN_RANGE_LOOP_ANALYSIS = YES;
				CLANG_WARN_STRICT_PROTOTYPES = YES;
				CLANG_WARN_SUSPICIOUS_MOVE = YES;
				CLANG_WARN_UNGUARDED_AVAILABILITY = YES_AGGRESSIVE;
				CLANG_WARN_UNREACHABLE_CODE = YES;
				CLANG_WARN__DUPLICATE_METHOD_MATCH = YES;
				COPY_PHASE_STRIP = NO;
				DEBUG_INFORMATION_FORMAT = dwarf;
				ENABLE_STRICT_OBJC_MSGSEND = YES;
				ENABLE_TESTABILITY = YES;
				GCC_C_LANGUAGE_STANDARD = gnu11;
				GCC_DYNAMIC_NO_PIC = NO;
				GCC_NO_COMMON_BLOCKS = YES;
				GCC_OPTIMIZATION_LEVEL = 0;
				GCC_PREPROCESSOR_DEFINITIONS = (
					"DEBUG=1",
					"$(inherited)",
				);
				GCC_WARN_64_TO_32_BIT_CONVERSION = YES;
				GCC_WARN_ABOUT_RETURN_TYPE = YES_ERROR;
				GCC_WARN_UNDECLARED_SELECTOR = YES;
				GCC_WARN_UNINITIALIZED_AUTOS = YES_AGGRESSIVE;
				GCC_WARN_UNUSED_FUNCTION = YES;
				GCC_WARN_UNUSED_VARIABLE = YES;
				IPHONEOS_DEPLOYMENT_TARGET = 14.3;
				MTL_ENABLE_DEBUG_INFO = INCLUDE_SOURCE;
				MTL_FAST_MATH = YES;
				ONLY_ACTIVE_ARCH = YES;
				SDKROOT = iphoneos;
				SWIFT_ACTIVE_COMPILATION_CONDITIONS = DEBUG;
				SWIFT_OPTIMIZATION_LEVEL = "-Onone";
			};
			name = Debug;
		};
		8B0AE75225BF0DC100889DE7 /* Release */ = {
			isa = XCBuildConfiguration;
			buildSettings = {
				ALWAYS_SEARCH_USER_PATHS = NO;
				CLANG_ANALYZER_NONNULL = YES;
				CLANG_ANALYZER_NUMBER_OBJECT_CONVERSION = YES_AGGRESSIVE;
				CLANG_CXX_LANGUAGE_STANDARD = "gnu++14";
				CLANG_CXX_LIBRARY = "libc++";
				CLANG_ENABLE_MODULES = YES;
				CLANG_ENABLE_OBJC_ARC = YES;
				CLANG_ENABLE_OBJC_WEAK = YES;
				CLANG_WARN_BLOCK_CAPTURE_AUTORELEASING = YES;
				CLANG_WARN_BOOL_CONVERSION = YES;
				CLANG_WARN_COMMA = YES;
				CLANG_WARN_CONSTANT_CONVERSION = YES;
				CLANG_WARN_DEPRECATED_OBJC_IMPLEMENTATIONS = YES;
				CLANG_WARN_DIRECT_OBJC_ISA_USAGE = YES_ERROR;
				CLANG_WARN_DOCUMENTATION_COMMENTS = YES;
				CLANG_WARN_EMPTY_BODY = YES;
				CLANG_WARN_ENUM_CONVERSION = YES;
				CLANG_WARN_INFINITE_RECURSION = YES;
				CLANG_WARN_INT_CONVERSION = YES;
				CLANG_WARN_NON_LITERAL_NULL_CONVERSION = YES;
				CLANG_WARN_OBJC_IMPLICIT_RETAIN_SELF = YES;
				CLANG_WARN_OBJC_LITERAL_CONVERSION = YES;
				CLANG_WARN_OBJC_ROOT_CLASS = YES_ERROR;
				CLANG_WARN_QUOTED_INCLUDE_IN_FRAMEWORK_HEADER = YES;
				CLANG_WARN_RANGE_LOOP_ANALYSIS = YES;
				CLANG_WARN_STRICT_PROTOTYPES = YES;
				CLANG_WARN_SUSPICIOUS_MOVE = YES;
				CLANG_WARN_UNGUARDED_AVAILABILITY = YES_AGGRESSIVE;
				CLANG_WARN_UNREACHABLE_CODE = YES;
				CLANG_WARN__DUPLICATE_METHOD_MATCH = YES;
				COPY_PHASE_STRIP = NO;
				DEBUG_INFORMATION_FORMAT = "dwarf-with-dsym";
				ENABLE_NS_ASSERTIONS = NO;
				ENABLE_STRICT_OBJC_MSGSEND = YES;
				GCC_C_LANGUAGE_STANDARD = gnu11;
				GCC_NO_COMMON_BLOCKS = YES;
				GCC_WARN_64_TO_32_BIT_CONVERSION = YES;
				GCC_WARN_ABOUT_RETURN_TYPE = YES_ERROR;
				GCC_WARN_UNDECLARED_SELECTOR = YES;
				GCC_WARN_UNINITIALIZED_AUTOS = YES_AGGRESSIVE;
				GCC_WARN_UNUSED_FUNCTION = YES;
				GCC_WARN_UNUSED_VARIABLE = YES;
				IPHONEOS_DEPLOYMENT_TARGET = 14.3;
				MTL_ENABLE_DEBUG_INFO = NO;
				MTL_FAST_MATH = YES;
				SDKROOT = iphoneos;
				SWIFT_COMPILATION_MODE = wholemodule;
				SWIFT_OPTIMIZATION_LEVEL = "-O";
				VALIDATE_PRODUCT = YES;
			};
			name = Release;
		};
		8B0AE75425BF0DC100889DE7 /* Debug */ = {
			isa = XCBuildConfiguration;
			baseConfigurationReference = 5016DD381AF542C90CB01D73 /* Pods-BuscaNativaElo7.debug.xcconfig */;
			buildSettings = {
				ASSETCATALOG_COMPILER_APPICON_NAME = AppIcon;
				ASSETCATALOG_COMPILER_GLOBAL_ACCENT_COLOR_NAME = AccentColor;
				CODE_SIGN_STYLE = Automatic;
				DEVELOPMENT_TEAM = LR549UJDLE;
				INFOPLIST_FILE = BuscaNativaElo7/Info.plist;
				LD_RUNPATH_SEARCH_PATHS = (
					"$(inherited)",
					"@executable_path/Frameworks",
				);
				PRODUCT_BUNDLE_IDENTIFIER = br.com.jihad.BuscaNativaElo7;
				PRODUCT_NAME = "$(TARGET_NAME)";
				SWIFT_VERSION = 5.0;
				TARGETED_DEVICE_FAMILY = "1,2";
			};
			name = Debug;
		};
		8B0AE75525BF0DC100889DE7 /* Release */ = {
			isa = XCBuildConfiguration;
			baseConfigurationReference = 3587F12C478534FE11640EE2 /* Pods-BuscaNativaElo7.release.xcconfig */;
			buildSettings = {
				ASSETCATALOG_COMPILER_APPICON_NAME = AppIcon;
				ASSETCATALOG_COMPILER_GLOBAL_ACCENT_COLOR_NAME = AccentColor;
				CODE_SIGN_STYLE = Automatic;
				DEVELOPMENT_TEAM = LR549UJDLE;
				INFOPLIST_FILE = BuscaNativaElo7/Info.plist;
				LD_RUNPATH_SEARCH_PATHS = (
					"$(inherited)",
					"@executable_path/Frameworks",
				);
				PRODUCT_BUNDLE_IDENTIFIER = br.com.jihad.BuscaNativaElo7;
				PRODUCT_NAME = "$(TARGET_NAME)";
				SWIFT_VERSION = 5.0;
				TARGETED_DEVICE_FAMILY = "1,2";
			};
			name = Release;
		};
/* End XCBuildConfiguration section */

/* Begin XCConfigurationList section */
		8B0AE73A25BF0DC000889DE7 /* Build configuration list for PBXProject "BuscaNativaElo7" */ = {
			isa = XCConfigurationList;
			buildConfigurations = (
				8B0AE75125BF0DC100889DE7 /* Debug */,
				8B0AE75225BF0DC100889DE7 /* Release */,
			);
			defaultConfigurationIsVisible = 0;
			defaultConfigurationName = Release;
		};
		8B0AE75325BF0DC100889DE7 /* Build configuration list for PBXNativeTarget "BuscaNativaElo7" */ = {
			isa = XCConfigurationList;
			buildConfigurations = (
				8B0AE75425BF0DC100889DE7 /* Debug */,
				8B0AE75525BF0DC100889DE7 /* Release */,
			);
			defaultConfigurationIsVisible = 0;
			defaultConfigurationName = Release;
		};
/* End XCConfigurationList section */
	};
	rootObject = 8B0AE73725BF0DC000889DE7 /* Project object */;
}
